
Microsoft Visual Studio Solution File, Format Version 12.00
# Visual Studio Version 17
VisualStudioVersion = 17.4.33403.182
MinimumVisualStudioVersion = 10.0.40219.1
Project("{9A19103F-16F7-4668-BE54-9A1E7A4F7556}") = "RFord.Projects.ProtocolHandlerConfigurationProvider", "RFord.Projects.ProtocolHandlerConfigurationProvider\RFord.Projects.ProtocolHandlerConfigurationProvider.csproj", "{8DBF8CF4-CE46-48F5-8DDD-E0CDC8917C75}"
EndProject
Global
	GlobalSection(SolutionConfigurationPlatforms) = preSolution
		Debug|Any CPU = Debug|Any CPU
		Release|Any CPU = Release|Any CPU
	EndGlobalSection
	GlobalSection(ProjectConfigurationPlatforms) = postSolution
		{8DBF8CF4-CE46-48F5-8DDD-E0CDC8917C75}.Debug|Any CPU.ActiveCfg = Debug|Any CPU
		{8DBF8CF4-CE46-48F5-8DDD-E0CDC8917C75}.Debug|Any CPU.Build.0 = Debug|Any CPU
		{8DBF8CF4-CE46-48F5-8DDD-E0CDC8917C75}.Release|Any CPU.ActiveCfg = Release|Any CPU
		{8DBF8CF4-CE46-48F5-8DDD-E0CDC8917C75}.Release|Any CPU.Build.0 = Release|Any CPU
	EndGlobalSection
	GlobalSection(SolutionProperties) = preSolution
		HideSolutionNode = FALSE
	EndGlobalSection
	GlobalSection(ExtensibilityGlobals) = postSolution
		SolutionGuid = {C6D6B736-6747-4431-AF5D-5165CA19885F}
	EndGlobalSection
EndGlobal
